# This file is automatically @generated by Cargo.
# It is not intended for manual editing.
version = 3

[[package]]
name = "autocfg"
version = "1.1.0"
source = "registry+https://github.com/rust-lang/crates.io-index"
checksum = "d468802bab17cbc0cc575e9b053f41e72aa36bfa6b7f55e3529ffa43161b97fa"

[[package]]
name = "bincode"
version = "1.3.3"
source = "registry+https://github.com/rust-lang/crates.io-index"
checksum = "b1f45e9417d87227c7a56d22e471c6206462cba514c7590c09aff4cf6d1ddcad"
dependencies = [
 "serde",
]

[[package]]
name = "bitflags"
version = "1.3.2"
source = "registry+https://github.com/rust-lang/crates.io-index"
checksum = "bef38d45163c2f1dde094a7dfd33ccf595c92905c8f8f4fdc18d06fb1037718a"

[[package]]
name = "byteorder"
version = "1.4.3"
source = "registry+https://github.com/rust-lang/crates.io-index"
checksum = "14c189c53d098945499cdfa7ecc63567cf3886b3332b312a5b4585d8d3a6a610"

[[package]]
name = "cfg-if"
version = "1.0.0"
source = "registry+https://github.com/rust-lang/crates.io-index"
checksum = "baf1de4339761588bc0619e3cbc0120ee582ebb74b53b4efbf79117bd2da40fd"

[[package]]
name = "itoa"
version = "1.0.5"
source = "registry+https://github.com/rust-lang/crates.io-index"
checksum = "fad582f4b9e86b6caa621cabeb0963332d92eea04729ab12892c2533951e6440"

[[package]]
name = "libc"
version = "0.2.139"
source = "registry+https://github.com/rust-lang/crates.io-index"
checksum = "201de327520df007757c1f0adce6e827fe8562fbc28bfd9c15571c66ca1f5f79"

[[package]]
name = "memoffset"
version = "0.6.5"
source = "registry+https://github.com/rust-lang/crates.io-index"
checksum = "5aa361d4faea93603064a027415f07bd8e1d5c88c9fbf68bf56a285428fd79ce"
dependencies = [
 "autocfg",
]

[[package]]
name = "memoffset"
version = "0.7.1"
source = "registry+https://github.com/rust-lang/crates.io-index"
checksum = "5de893c32cde5f383baa4c04c5d6dbdd735cfd4a794b0debdb2bb1b421da5ff4"
dependencies = [
 "autocfg",
]

[[package]]
name = "micro_http"
version = "0.1.0"
source = "git+https://github.com/firecracker-microvm/micro-http#b538bf89e50be83b6fa9ab1896727ff61e02fa13"
dependencies = [
 "libc",
 "vmm-sys-util",
]

[[package]]
name = "nix"
version = "0.24.3"
source = "registry+https://github.com/rust-lang/crates.io-index"
checksum = "fa52e972a9a719cecb6864fb88568781eb706bac2cd1d4f04a648542dbf78069"
dependencies = [
 "bitflags",
 "cfg-if",
 "libc",
 "memoffset 0.6.5",
]

[[package]]
name = "nix"
version = "0.26.2"
source = "registry+https://github.com/rust-lang/crates.io-index"
checksum = "bfdda3d196821d6af13126e40375cdf7da646a96114af134d5f417a9a1dc8e1a"
dependencies = [
 "bitflags",
 "cfg-if",
 "libc",
 "memoffset 0.7.1",
 "pin-utils",
 "static_assertions",
]

[[package]]
name = "pin-utils"
version = "0.1.0"
source = "registry+https://github.com/rust-lang/crates.io-index"
checksum = "8b870d8c151b6f2fb93e84a13146138f05d02ed11c7e7c54f8826aaaf7c9f184"

[[package]]
name = "proc-macro2"
version = "1.0.50"
source = "registry+https://github.com/rust-lang/crates.io-index"
checksum = "6ef7d57beacfaf2d8aee5937dab7b7f28de3cb8b1828479bb5de2a7106f2bae2"
dependencies = [
 "unicode-ident",
]

[[package]]
name = "quote"
version = "1.0.23"
source = "registry+https://github.com/rust-lang/crates.io-index"
checksum = "8856d8364d252a14d474036ea1358d63c9e6965c8e5c1885c18f73d70bff9c7b"
dependencies = [
 "proc-macro2",
]

[[package]]
name = "ryu"
version = "1.0.12"
source = "registry+https://github.com/rust-lang/crates.io-index"
checksum = "7b4b9743ed687d4b4bcedf9ff5eaa7398495ae14e61cba0a295704edbc7decde"

[[package]]
name = "serde"
version = "1.0.152"
source = "registry+https://github.com/rust-lang/crates.io-index"
checksum = "bb7d1f0d3021d347a83e556fc4683dea2ea09d87bccdf88ff5c12545d89d5efb"
dependencies = [
 "serde_derive",
]

[[package]]
name = "serde_derive"
version = "1.0.152"
source = "registry+https://github.com/rust-lang/crates.io-index"
checksum = "af487d118eecd09402d70a5d72551860e788df87b464af30e5ea6a38c75c541e"
dependencies = [
 "proc-macro2",
 "quote",
 "syn",
]

[[package]]
name = "serde_json"
version = "1.0.91"
source = "registry+https://github.com/rust-lang/crates.io-index"
checksum = "877c235533714907a8c2464236f5c4b2a17262ef1bd71f38f35ea592c8da6883"
dependencies = [
 "itoa",
 "ryu",
 "serde",
]

[[package]]
name = "static_assertions"
version = "1.1.0"
source = "registry+https://github.com/rust-lang/crates.io-index"
checksum = "a2eb9349b6444b326872e140eb1cf5e7c522154d69e7a0ffb0fb81c06b37543f"

[[package]]
name = "syn"
version = "1.0.107"
source = "registry+https://github.com/rust-lang/crates.io-index"
checksum = "1f4064b5b16e03ae50984a5a8ed5d4f8803e6bc1fd170a3cda91a1be4b18e3f5"
dependencies = [
 "proc-macro2",
 "quote",
 "unicode-ident",
]

[[package]]
name = "unicode-ident"
version = "1.0.6"
source = "registry+https://github.com/rust-lang/crates.io-index"
checksum = "84a22b9f218b40614adcb3f4ff08b703773ad44fa9423e4e0d346d5db86e4ebc"

[[package]]
name = "vm-agent"
version = "0.1.0"
dependencies = [
 "bincode",
 "byteorder",
 "libc",
 "micro_http",
 "nix 0.26.2",
 "serde",
 "serde_json",
 "vmm-sys-util",
 "vsock",
]

[[package]]
name = "vmm-sys-util"
version = "0.11.1"
source = "registry+https://github.com/rust-lang/crates.io-index"
checksum = "dd64fe09d8e880e600c324e7d664760a17f56e9672b7495a86381b49e4f72f46"
dependencies = [
 "bitflags",
 "libc",
]

[[package]]
name = "vsock"
version = "0.3.0"
source = "registry+https://github.com/rust-lang/crates.io-index"
checksum = "4c8e1df0bf1e1b28095c24564d1b90acae64ca69b097ed73896e342fa6649c57"
dependencies = [
 "libc",
 "nix 0.24.3",
]
