# This file is automatically @generated by Cargo.
# It is not intended for manual editing.
version = 3

[[package]]
name = "bitflags"
version = "1.3.2"
source = "registry+https://github.com/rust-lang/crates.io-index"
checksum = "bef38d45163c2f1dde094a7dfd33ccf595c92905c8f8f4fdc18d06fb1037718a"

[[package]]
name = "libc"
version = "0.2.137"
source = "registry+https://github.com/rust-lang/crates.io-index"
checksum = "fc7fcc620a3bff7cdd7a365be3376c97191aeaccc2a603e600951e452615bf89"

[[package]]
name = "micro_http"
version = "0.1.0"
source = "git+https://github.com/firecracker-microvm/micro-http.git#863b0370ba7e57f7df5b908ada9e5b44809ccae9"
dependencies = [
 "libc",
 "vmm-sys-util",
]

[[package]]
name = "vm-agent"
version = "0.1.0"
dependencies = [
 "micro_http",
]

[[package]]
name = "vmm-sys-util"
version = "0.11.0"
source = "registry+https://github.com/rust-lang/crates.io-index"
checksum = "cc06a16ee8ebf0d9269aed304030b0d20a866b8b3dd3d4ce532596ac567a0d24"
dependencies = [
 "bitflags",
 "libc",
]
